
Microsoft Visual Studio Solution File, Format Version 12.00
# Visual Studio Version 17
VisualStudioVersion = 17.9.34728.123
MinimumVisualStudioVersion = 10.0.40219.1
Project("{9A19103F-16F7-4668-BE54-9A1E7A4F7556}") = "Employee-System-Web", "Employee-System-Web.csproj", "{F77DA6B1-2AF8-4A96-8DA7-11C046F1488C}"
EndProject
Project("{9A19103F-16F7-4668-BE54-9A1E7A4F7556}") = "Entities", "..\Entities\Entities.csproj", "{8FB122FD-5AEB-4202-BECA-AE039906FEAE}"
EndProject
Project("{FAE04EC0-301F-11D3-BF4B-00C04F79EFBC}") = "Employee-System-API", "..\Employee-System-API\Employee-System-API.csproj", "{9B04FC91-4FD9-4F1B-9F77-ADDA8BB45F46}"
EndProject
Project("{FAE04EC0-301F-11D3-BF4B-00C04F79EFBC}") = "BAL", "..\BAL\BAL.csproj", "{325AB4BF-6898-4A41-8401-92C9590E4BB4}"
EndProject
Project("{FAE04EC0-301F-11D3-BF4B-00C04F79EFBC}") = "DAL", "..\DAL\DAL.csproj", "{F3DDABC4-D571-4A87-BA60-7C8B0B2E6914}"
EndProject
Global
	GlobalSection(SolutionConfigurationPlatforms) = preSolution
		Debug|Any CPU = Debug|Any CPU
		Release|Any CPU = Release|Any CPU
	EndGlobalSection
	GlobalSection(ProjectConfigurationPlatforms) = postSolution
		{F77DA6B1-2AF8-4A96-8DA7-11C046F1488C}.Debug|Any CPU.ActiveCfg = Debug|Any CPU
		{F77DA6B1-2AF8-4A96-8DA7-11C046F1488C}.Debug|Any CPU.Build.0 = Debug|Any CPU
		{F77DA6B1-2AF8-4A96-8DA7-11C046F1488C}.Release|Any CPU.ActiveCfg = Release|Any CPU
		{F77DA6B1-2AF8-4A96-8DA7-11C046F1488C}.Release|Any CPU.Build.0 = Release|Any CPU
		{8FB122FD-5AEB-4202-BECA-AE039906FEAE}.Debug|Any CPU.ActiveCfg = Debug|Any CPU
		{8FB122FD-5AEB-4202-BECA-AE039906FEAE}.Debug|Any CPU.Build.0 = Debug|Any CPU
		{8FB122FD-5AEB-4202-BECA-AE039906FEAE}.Release|Any CPU.ActiveCfg = Release|Any CPU
		{8FB122FD-5AEB-4202-BECA-AE039906FEAE}.Release|Any CPU.Build.0 = Release|Any CPU
		{9B04FC91-4FD9-4F1B-9F77-ADDA8BB45F46}.Debug|Any CPU.ActiveCfg = Debug|Any CPU
		{9B04FC91-4FD9-4F1B-9F77-ADDA8BB45F46}.Debug|Any CPU.Build.0 = Debug|Any CPU
		{9B04FC91-4FD9-4F1B-9F77-ADDA8BB45F46}.Release|Any CPU.ActiveCfg = Release|Any CPU
		{9B04FC91-4FD9-4F1B-9F77-ADDA8BB45F46}.Release|Any CPU.Build.0 = Release|Any CPU
		{325AB4BF-6898-4A41-8401-92C9590E4BB4}.Debug|Any CPU.ActiveCfg = Debug|Any CPU
		{325AB4BF-6898-4A41-8401-92C9590E4BB4}.Debug|Any CPU.Build.0 = Debug|Any CPU
		{325AB4BF-6898-4A41-8401-92C9590E4BB4}.Release|Any CPU.ActiveCfg = Release|Any CPU
		{325AB4BF-6898-4A41-8401-92C9590E4BB4}.Release|Any CPU.Build.0 = Release|Any CPU
		{F3DDABC4-D571-4A87-BA60-7C8B0B2E6914}.Debug|Any CPU.ActiveCfg = Debug|Any CPU
		{F3DDABC4-D571-4A87-BA60-7C8B0B2E6914}.Debug|Any CPU.Build.0 = Debug|Any CPU
		{F3DDABC4-D571-4A87-BA60-7C8B0B2E6914}.Release|Any CPU.ActiveCfg = Release|Any CPU
		{F3DDABC4-D571-4A87-BA60-7C8B0B2E6914}.Release|Any CPU.Build.0 = Release|Any CPU
	EndGlobalSection
	GlobalSection(SolutionProperties) = preSolution
		HideSolutionNode = FALSE
	EndGlobalSection
	GlobalSection(ExtensibilityGlobals) = postSolution
		SolutionGuid = {FCFBF85E-0C08-4CAC-B679-F3B1BAF90B29}
	EndGlobalSection
EndGlobal
